{
  "lockfile_version": "1",
  "packages": {
    "ffmpeg@latest": {
      "last_modified": "2026-04-16T08:46:55Z",
      "resolved": "github:NixOS/nixpkgs/b86751bc4085f48661017fa226dee99fab6c651b#ffmpeg",
      "source": "devbox-search",
      "version": "8.0.1",
      "systems": {
        "aarch64-darwin": {
          "outputs": [
            {
              "name": "bin",
              "path": "/nix/store/nsrc95cdywj31amg8pz6ncbsn9y5a0a6-ffmpeg-8.0.1-bin",
              "default": true
            },
            {
              "name": "man",
              "path": "/nix/store/b8s2fdcl7v8q2d1lvwyl5d38qn726pby-ffmpeg-8.0.1-man",
              "default": true
            },
            {
              "name": "out",
              "path": "/nix/store/prcscggamlh9ib54bagkwk4nvqa2b801-ffmpeg-8.0.1"
            },
            {
              "name": "data",
              "path": "/nix/store/kxayggvikh2y3rrwx14kx6ydjv8j1y8r-ffmpeg-8.0.1-data"
            },
            {
              "name": "dev",
              "path": "/nix/store/nccg4flnm4ck4nyclwwgnv37rb9p3vqk-ffmpeg-8.0.1-dev"
            },
            {
              "name": "doc",
              "path": "/nix/store/jd7013hazfgv2i9q2957azd73i959xbn-ffmpeg-8.0.1-doc"
            },
            {
              "name": "lib",
              "path": "/nix/store/4vq5lpfbxx3bw1nby6ysp52a53w54vwc-ffmpeg-8.0.1-lib"
            }
          ],
          "store_path": "/nix/store/nsrc95cdywj31amg8pz6ncbsn9y5a0a6-ffmpeg-8.0.1-bin"
        },
        "aarch64-linux": {
          "outputs": [
            {
              "name": "bin",
              "path": "/nix/store/cfidmdqn0b8njnhp00ar9f3klh9n516h-ffmpeg-8.0.1-bin",
              "default": true
            },
            {
              "name": "man",
              "path": "/nix/store/x9nxg972p37lhilrwpc58lbjp2zw67hk-ffmpeg-8.0.1-man",
              "default": true
            },
            {
              "name": "dev",
              "path": "/nix/store/5m22hk5rl79bfw74jr4di4rhqwbp1lbv-ffmpeg-8.0.1-dev"
            },
            {
              "name": "doc",
              "path": "/nix/store/gl6dfyw8yf33yvgzs8nq207qlgznik4j-ffmpeg-8.0.1-doc"
            },
            {
              "name": "lib",
              "path": "/nix/store/4mlvyymj0g5wrhr40p1byj6vrkylvc3z-ffmpeg-8.0.1-lib"
            },
            {
              "name": "out",
              "path": "/nix/store/mmzihckgasjk526m6iky9x1gw106q5sd-ffmpeg-8.0.1"
            },
            {
              "name": "data",
              "path": "/nix/store/a9h3spnn0w9fcsyi4rls1fscirfbd68f-ffmpeg-8.0.1-data"
            }
          ],
          "store_path": "/nix/store/cfidmdqn0b8njnhp00ar9f3klh9n516h-ffmpeg-8.0.1-bin"
        },
        "x86_64-darwin": {
          "outputs": [
            {
              "name": "bin",
              "path": "/nix/store/5lphrad9wf19vnma329q8pyzhmjx55by-ffmpeg-8.0.1-bin",
              "default": true
            },
            {
              "name": "man",
              "path": "/nix/store/q85mfmq7nqkzzyc9bsfq9lm8f3665356-ffmpeg-8.0.1-man",
              "default": true
            },
            {
              "name": "data",
              "path": "/nix/store/6z3qklkxla707fci6lqfpj28a5nsq0p5-ffmpeg-8.0.1-data"
            },
            {
              "name": "dev",
              "path": "/nix/store/hyfb4v84bjwgcd2wpyxblj8xgq4j3xrb-ffmpeg-8.0.1-dev"
            },
            {
              "name": "doc",
              "path": "/nix/store/cqcd0rf75hqg08mxr9w1hgcbxwn9c45h-ffmpeg-8.0.1-doc"
            },
            {
              "name": "lib",
              "path": "/nix/store/b9wnnii7nw4qz4szr3ad9cg4jx2vjq7y-ffmpeg-8.0.1-lib"
            },
            {
              "name": "out",
              "path": "/nix/store/w49594rbncqhbrzq82jsqsvcl63bzq4y-ffmpeg-8.0.1"
            }
          ],
          "store_path": "/nix/store/5lphrad9wf19vnma329q8pyzhmjx55by-ffmpeg-8.0.1-bin"
        },
        "x86_64-linux": {
          "outputs": [
            {
              "name": "bin",
              "path": "/nix/store/7dbsj28w2vc1p8yzxc94p9sssjqiibb7-ffmpeg-8.0.1-bin",
              "default": true
            },
            {
              "name": "man",
              "path": "/nix/store/x82vmii8fbjll3zqbb43v45nzrrfxk6x-ffmpeg-8.0.1-man",
              "default": true
            },
            {
              "name": "data",
              "path": "/nix/store/ykdiwss85gcm7vqxn3psj71nrdwfvjrp-ffmpeg-8.0.1-data"
            },
            {
              "name": "dev",
              "path": "/nix/store/p5bdrhikr36n6m2nhrjcz0xkn2kxxwc2-ffmpeg-8.0.1-dev"
            },
            {
              "name": "doc",
              "path": "/nix/store/s1bmrsx71z9zc4yxikvwmrr0dzb3r3k7-ffmpeg-8.0.1-doc"
            },
            {
              "name": "lib",
              "path": "/nix/store/j507qzifp08gajnqrhgnkl1g2v0hi1pd-ffmpeg-8.0.1-lib"
            },
            {
              "name": "out",
              "path": "/nix/store/8v29f4j21jwa2scxq8wip91w8m3fnp4i-ffmpeg-8.0.1"
            }
          ],
          "store_path": "/nix/store/7dbsj28w2vc1p8yzxc94p9sssjqiibb7-ffmpeg-8.0.1-bin"
        }
      }
    },
    "git@latest": {
      "last_modified": "2026-04-16T08:46:55Z",
      "resolved": "github:NixOS/nixpkgs/b86751bc4085f48661017fa226dee99fab6c651b#git",
      "source": "devbox-search",
      "version": "2.53.0",
      "systems": {
        "aarch64-darwin": {
          "outputs": [
            {
              "name": "out",
              "path": "/nix/store/6qbj40r0s289k5slmy8yna5x2hfz01wg-git-2.53.0",
              "default": true
            },
            {
              "name": "doc",
              "path": "/nix/store/xp9w7bcl4c78268kn82qdayqglj0zdxa-git-2.53.0-doc"
            }
          ],
          "store_path": "/nix/store/6qbj40r0s289k5slmy8yna5x2hfz01wg-git-2.53.0"
        },
        "aarch64-linux": {
          "outputs": [
            {
              "name": "out",
              "path": "/nix/store/0vbb6j0ppx1w8cw28h7w8s2dzla9j3m6-git-2.53.0",
              "default": true
            },
            {
              "name": "debug",
              "path": "/nix/store/gaj4q67pid2pcy9nvh2ysv4728wxj5m4-git-2.53.0-debug"
            },
            {
              "name": "doc",
              "path": "/nix/store/9mrg9g0w2b4cfdppq3n4zvhkvyixvqpx-git-2.53.0-doc"
            }
          ],
          "store_path": "/nix/store/0vbb6j0ppx1w8cw28h7w8s2dzla9j3m6-git-2.53.0"
        },
        "x86_64-darwin": {
          "outputs": [
            {
              "name": "out",
              "path": "/nix/store/2q2hzaclp1rsj65h21lng7wa26vawhnq-git-2.53.0",
              "default": true
            },
            {
              "name": "doc",
              "path": "/nix/store/yi2mi426la2x7rggv0a0ah11s2dangz4-git-2.53.0-doc"
            }
          ],
          "store_path": "/nix/store/2q2hzaclp1rsj65h21lng7wa26vawhnq-git-2.53.0"
        },
        "x86_64-linux": {
          "outputs": [
            {
              "name": "out",
              "path": "/nix/store/7yvcckar1lzhqnr0xx2n19nsdjd4qa4d-git-2.53.0",
              "default": true
            },
            {
              "name": "doc",
              "path": "/nix/store/rv7cz5lz1qmbdnh3zrpv0j0wa5ivaacq-git-2.53.0-doc"
            },
            {
              "name": "debug",
              "path": "/nix/store/9xs1n97fsdbgnk8cxbdx3hqlz6fdaynb-git-2.53.0-debug"
            }
          ],
          "store_path": "/nix/store/7yvcckar1lzhqnr0xx2n19nsdjd4qa4d-git-2.53.0"
        }
      }
    },
    "github:NixOS/nixpkgs/nixpkgs-unstable": {
      "last_modified": "2026-04-23T13:07:47Z",
      "resolved": "github:NixOS/nixpkgs/01fbdeef22b76df85ea168fbfe1bfd9e63681b30?lastModified=1776949667"
    },
    "libsndfile@latest": {
      "last_modified": "2026-04-16T08:46:55Z",
      "resolved": "github:NixOS/nixpkgs/b86751bc4085f48661017fa226dee99fab6c651b#libsndfile",
      "source": "devbox-search",
      "version": "1.2.2",
      "systems": {
        "aarch64-darwin": {
          "outputs": [
            {
              "name": "bin",
              "path": "/nix/store/pkbdv38msrl7hba9n9b2yqhdkp8p8i0a-libsndfile-1.2.2-bin",
              "default": true
            },
            {
              "name": "man",
              "path": "/nix/store/062x66c52aqsqajhw5apxdr61x50rw1i-libsndfile-1.2.2-man",
              "default": true
            },
            {
              "name": "dev",
              "path": "/nix/store/mvq56cnpkl8hbbqmcb2r47z9jfj2laj0-libsndfile-1.2.2-dev"
            },
            {
              "name": "doc",
              "path": "/nix/store/d37w4676sy36b3rxjgac7abnqwimw9yx-libsndfile-1.2.2-doc"
            },
            {
              "name": "out",
              "path": "/nix/store/smjql3a8mrn1r7qzah4jdndqalvskv1h-libsndfile-1.2.2"
            }
          ],
          "store_path": "/nix/store/pkbdv38msrl7hba9n9b2yqhdkp8p8i0a-libsndfile-1.2.2-bin"
        },
        "aarch64-linux": {
          "outputs": [
            {
              "name": "bin",
              "path": "/nix/store/0q2qys84akygw7c9w9zhqfgxhpzv5dzj-libsndfile-1.2.2-bin",
              "default": true
            },
            {
              "name": "man",
              "path": "/nix/store/m2nq4gqs6pn7cldlgaay6ay8rgn5n0xn-libsndfile-1.2.2-man",
              "default": true
            },
            {
              "name": "dev",
              "path": "/nix/store/952jpcvnlgbd8ryxq093l8mpaj1qa6az-libsndfile-1.2.2-dev"
            },
            {
              "name": "doc",
              "path": "/nix/store/zraik8ahbivgz7g0qhmj5fwn19crlgap-libsndfile-1.2.2-doc"
            },
            {
              "name": "out",
              "path": "/nix/store/6pmdqcszh6igs80cbwq5mf81ga8dzmc2-libsndfile-1.2.2"
            }
          ],
          "store_path": "/nix/store/0q2qys84akygw7c9w9zhqfgxhpzv5dzj-libsndfile-1.2.2-bin"
        },
        "x86_64-darwin": {
          "outputs": [
            {
              "name": "bin",
              "path": "/nix/store/f9yphx637d1qpvw7xg5b65s4ncxz3l61-libsndfile-1.2.2-bin",
              "default": true
            },
            {
              "name": "man",
              "path": "/nix/store/wp28ziraxh8rql4m22s68yl8xzwr899j-libsndfile-1.2.2-man",
              "default": true
            },
            {
              "name": "dev",
              "path": "/nix/store/cl177kz793056f347ffxp8xbbv0awpbm-libsndfile-1.2.2-dev"
            },
            {
              "name": "doc",
              "path": "/nix/store/qa0nw9j12gsslsbsk2sygahxxrwnmj7f-libsndfile-1.2.2-doc"
            },
            {
              "name": "out",
              "path": "/nix/store/wapmr3linkj76a8dqy02mx9s70l36qp5-libsndfile-1.2.2"
            }
          ],
          "store_path": "/nix/store/f9yphx637d1qpvw7xg5b65s4ncxz3l61-libsndfile-1.2.2-bin"
        },
        "x86_64-linux": {
          "outputs": [
            {
              "name": "bin",
              "path": "/nix/store/48h41khk76cc7i63ahrc67sbzkl83mn6-libsndfile-1.2.2-bin",
              "default": true
            },
            {
              "name": "man",
              "path": "/nix/store/cjgl13c7n4iz0gm4kvkljqddpgsa0hyl-libsndfile-1.2.2-man",
              "default": true
            },
            {
              "name": "dev",
              "path": "/nix/store/akr52g171vr2jzkkgg4pbwj2w7drrl7x-libsndfile-1.2.2-dev"
            },
            {
              "name": "doc",
              "path": "/nix/store/8di4f1dp0fbw37lyn5cdblnwmyxmj4hi-libsndfile-1.2.2-doc"
            },
            {
              "name": "out",
              "path": "/nix/store/lky823hdcvrcaxlp0r6n53arj1klbkxc-libsndfile-1.2.2"
            }
          ],
          "store_path": "/nix/store/48h41khk76cc7i63ahrc67sbzkl83mn6-libsndfile-1.2.2-bin"
        }
      }
    },
    "nodejs@22": {
      "last_modified": "2026-04-16T08:46:55Z",
      "plugin_version": "0.0.2",
      "resolved": "github:NixOS/nixpkgs/b86751bc4085f48661017fa226dee99fab6c651b#nodejs_22",
      "source": "devbox-search",
      "version": "22.22.2",
      "systems": {
        "aarch64-darwin": {
          "outputs": [
            {
              "name": "out",
              "path": "/nix/store/jp1j44w4fvrxvx62fasairgwv80iw6x3-nodejs-22.22.2",
              "default": true
            }
          ],
          "store_path": "/nix/store/jp1j44w4fvrxvx62fasairgwv80iw6x3-nodejs-22.22.2"
        },
        "aarch64-linux": {
          "outputs": [
            {
              "name": "out",
              "path": "/nix/store/8h77mdsa9py3x9xxx2yak50fl6kqf2ma-nodejs-22.22.2",
              "default": true
            }
          ],
          "store_path": "/nix/store/8h77mdsa9py3x9xxx2yak50fl6kqf2ma-nodejs-22.22.2"
        },
        "x86_64-darwin": {
          "outputs": [
            {
              "name": "out",
              "path": "/nix/store/xn66x7bs1winnfa4pakr9lrjamb9bmj3-nodejs-22.22.2",
              "default": true
            }
          ],
          "store_path": "/nix/store/xn66x7bs1winnfa4pakr9lrjamb9bmj3-nodejs-22.22.2"
        },
        "x86_64-linux": {
          "outputs": [
            {
              "name": "out",
              "path": "/nix/store/h2barca1k5pmvcyl9fwrzwrb4cn1b248-nodejs-22.22.2",
              "default": true
            }
          ],
          "store_path": "/nix/store/h2barca1k5pmvcyl9fwrzwrb4cn1b248-nodejs-22.22.2"
        }
      }
    },
    "pnpm@latest": {
      "last_modified": "2026-04-16T08:46:55Z",
      "resolved": "github:NixOS/nixpkgs/b86751bc4085f48661017fa226dee99fab6c651b#pnpm",
      "source": "devbox-search",
      "version": "10.33.0",
      "systems": {
        "aarch64-darwin": {
          "outputs": [
            {
              "name": "out",
              "path": "/nix/store/ikniys3wki91s94zh7wpnf9rf8806msv-pnpm-10.33.0",
              "default": true
            }
          ],
          "store_path": "/nix/store/ikniys3wki91s94zh7wpnf9rf8806msv-pnpm-10.33.0"
        },
        "aarch64-linux": {
          "outputs": [
            {
              "name": "out",
              "path": "/nix/store/5gj7nis9afj3qib78y8vwp5vh5rdr5wn-pnpm-10.33.0",
              "default": true
            }
          ],
          "store_path": "/nix/store/5gj7nis9afj3qib78y8vwp5vh5rdr5wn-pnpm-10.33.0"
        },
        "x86_64-darwin": {
          "outputs": [
            {
              "name": "out",
              "path": "/nix/store/a8425q8kcj0r6x13c50z52y9f23b43kh-pnpm-10.33.0",
              "default": true
            }
          ],
          "store_path": "/nix/store/a8425q8kcj0r6x13c50z52y9f23b43kh-pnpm-10.33.0"
        },
        "x86_64-linux": {
          "outputs": [
            {
              "name": "out",
              "path": "/nix/store/qlbqwsia8a9rk3cp6v58y1x58c0j2wyk-pnpm-10.33.0",
              "default": true
            }
          ],
          "store_path": "/nix/store/qlbqwsia8a9rk3cp6v58y1x58c0j2wyk-pnpm-10.33.0"
        }
      }
    },
    "python@3.11": {
      "last_modified": "2026-04-16T08:46:55Z",
      "plugin_version": "0.0.4",
      "resolved": "github:NixOS/nixpkgs/b86751bc4085f48661017fa226dee99fab6c651b#python311",
      "source": "devbox-search",
      "version": "3.11.15",
      "systems": {
        "aarch64-darwin": {
          "outputs": [
            {
              "name": "out",
              "path": "/nix/store/djf5adf96xxxj1p11517518czg7sx56l-python3-3.11.15",
              "default": true
            }
          ],
          "store_path": "/nix/store/djf5adf96xxxj1p11517518czg7sx56l-python3-3.11.15"
        },
        "aarch64-linux": {
          "outputs": [
            {
              "name": "out",
              "path": "/nix/store/qrknnm8rdz493vi0jfrl1gr789bbq5fb-python3-3.11.15",
              "default": true
            },
            {
              "name": "debug",
              "path": "/nix/store/df156knysl63wg30n4pr5gmvwrz4f6ij-python3-3.11.15-debug"
            }
          ],
          "store_path": "/nix/store/qrknnm8rdz493vi0jfrl1gr789bbq5fb-python3-3.11.15"
        },
        "x86_64-darwin": {
          "outputs": [
            {
              "name": "out",
              "path": "/nix/store/84xdg19sbff0azp65v8jr33bz1nrna78-python3-3.11.15",
              "default": true
            }
          ],
          "store_path": "/nix/store/84xdg19sbff0azp65v8jr33bz1nrna78-python3-3.11.15"
        },
        "x86_64-linux": {
          "outputs": [
            {
              "name": "out",
              "path": "/nix/store/5bd4b8iifahkr4di8np8pirmcsmcvlgh-python3-3.11.15",
              "default": true
            },
            {
              "name": "debug",
              "path": "/nix/store/fbxbndlfynvff9ppiva1b5rzy4sbl81g-python3-3.11.15-debug"
            }
          ],
          "store_path": "/nix/store/5bd4b8iifahkr4di8np8pirmcsmcvlgh-python3-3.11.15"
        }
      }
    },
    "uv@latest": {
      "last_modified": "2026-04-10T12:25:30Z",
      "resolved": "github:NixOS/nixpkgs/8c11f88bb9573a10a7d6bf87161ef08455ac70b9#uv",
      "source": "devbox-search",
      "version": "0.11.6",
      "systems": {
        "aarch64-darwin": {
          "outputs": [
            {
              "name": "out",
              "path": "/nix/store/zdzic2r18b2pqh17bqxpwggqk1x1nmx7-uv-0.11.6",
              "default": true
            }
          ],
          "store_path": "/nix/store/zdzic2r18b2pqh17bqxpwggqk1x1nmx7-uv-0.11.6"
        },
        "aarch64-linux": {
          "outputs": [
            {
              "name": "out",
              "path": "/nix/store/z93fi73n86180df4jcvi1y8mcfd5xsmf-uv-0.11.6",
              "default": true
            }
          ],
          "store_path": "/nix/store/z93fi73n86180df4jcvi1y8mcfd5xsmf-uv-0.11.6"
        },
        "x86_64-darwin": {
          "outputs": [
            {
              "name": "out",
              "path": "/nix/store/p6ka0gwq69niqdqvjifbsdn0mkc8rrxb-uv-0.11.6",
              "default": true
            }
          ],
          "store_path": "/nix/store/p6ka0gwq69niqdqvjifbsdn0mkc8rrxb-uv-0.11.6"
        },
        "x86_64-linux": {
          "outputs": [
            {
              "name": "out",
              "path": "/nix/store/qgbhgbql7ckxzr77mja2vk5j4w0wr9zz-uv-0.11.6",
              "default": true
            }
          ],
          "store_path": "/nix/store/qgbhgbql7ckxzr77mja2vk5j4w0wr9zz-uv-0.11.6"
        }
      }
    }
  }
}
